
Microsoft Visual Studio Solution File, Format Version 12.00
# Visual Studio Version 17
VisualStudioVersion = 17.7.34024.191
MinimumVisualStudioVersion = 10.0.40219.1
Project("{9A19103F-16F7-4668-BE54-9A1E7A4F7556}") = "PZ_01", "PZ_01\PZ_01.csproj", "{BC00992B-C70A-4195-AA55-DF2FE6369A99}"
EndProject
Project("{FAE04EC0-301F-11D3-BF4B-00C04F79EFBC}") = "PZ_02", "PZ_02\PZ_02.csproj", "{E4DBDC7A-0E75-4DC1-AF27-67814F389165}"
EndProject
Global
	GlobalSection(SolutionConfigurationPlatforms) = preSolution
		Debug|Any CPU = Debug|Any CPU
		Release|Any CPU = Release|Any CPU
	EndGlobalSection
	GlobalSection(ProjectConfigurationPlatforms) = postSolution
		{BC00992B-C70A-4195-AA55-DF2FE6369A99}.Debug|Any CPU.ActiveCfg = Debug|Any CPU
		{BC00992B-C70A-4195-AA55-DF2FE6369A99}.Debug|Any CPU.Build.0 = Debug|Any CPU
		{BC00992B-C70A-4195-AA55-DF2FE6369A99}.Release|Any CPU.ActiveCfg = Release|Any CPU
		{BC00992B-C70A-4195-AA55-DF2FE6369A99}.Release|Any CPU.Build.0 = Release|Any CPU
		{E4DBDC7A-0E75-4DC1-AF27-67814F389165}.Debug|Any CPU.ActiveCfg = Debug|Any CPU
		{E4DBDC7A-0E75-4DC1-AF27-67814F389165}.Debug|Any CPU.Build.0 = Debug|Any CPU
		{E4DBDC7A-0E75-4DC1-AF27-67814F389165}.Release|Any CPU.ActiveCfg = Release|Any CPU
		{E4DBDC7A-0E75-4DC1-AF27-67814F389165}.Release|Any CPU.Build.0 = Release|Any CPU
	EndGlobalSection
	GlobalSection(SolutionProperties) = preSolution
		HideSolutionNode = FALSE
	EndGlobalSection
	GlobalSection(ExtensibilityGlobals) = postSolution
		SolutionGuid = {65078FB1-1CBB-49D0-B67A-6CB6B5B91BB8}
	EndGlobalSection
EndGlobal
