
Microsoft Visual Studio Solution File, Format Version 12.00
# Visual Studio Version 17
VisualStudioVersion = 17.7.34024.191
MinimumVisualStudioVersion = 10.0.40219.1
Project("{9A19103F-16F7-4668-BE54-9A1E7A4F7556}") = "PZ_01", "PZ_01\PZ_01.csproj", "{BC00992B-C70A-4195-AA55-DF2FE6369A99}"
EndProject
Project("{9A19103F-16F7-4668-BE54-9A1E7A4F7556}") = "PZ_02", "PZ_02\PZ_02.csproj", "{E4DBDC7A-0E75-4DC1-AF27-67814F389165}"
EndProject
Project("{9A19103F-16F7-4668-BE54-9A1E7A4F7556}") = "PZ_03", "PZ_03\PZ_03.csproj", "{E1429B0F-B6B0-4EA1-8FCF-346E5AC03386}"
EndProject
Project("{9A19103F-16F7-4668-BE54-9A1E7A4F7556}") = "PZ_04", "PZ_04\PZ_04.csproj", "{83364F61-18DE-40CD-A1EC-3EA9AD9FEFF1}"
EndProject
Project("{9A19103F-16F7-4668-BE54-9A1E7A4F7556}") = "PZ_05", "PZ_05\PZ_05.csproj", "{E80314DB-F822-4BCA-8FCE-CB6DB54D4A38}"
EndProject
Project("{9A19103F-16F7-4668-BE54-9A1E7A4F7556}") = "PZ_06", "PZ_06\PZ_06.csproj", "{823FE247-4711-4663-8FEA-20D5B727287E}"
EndProject
Project("{9A19103F-16F7-4668-BE54-9A1E7A4F7556}") = "PZ_07", "PZ_07\PZ_07.csproj", "{E7FB14C7-00C6-4636-BAB7-A04A0CC2B888}"
EndProject
Project("{FAE04EC0-301F-11D3-BF4B-00C04F79EFBC}") = "PZ_08", "PZ_08\PZ_08.csproj", "{7A458E81-13DC-43B5-B4AF-CA12FDDAA926}"
EndProject
Global
	GlobalSection(SolutionConfigurationPlatforms) = preSolution
		Debug|Any CPU = Debug|Any CPU
		Release|Any CPU = Release|Any CPU
	EndGlobalSection
	GlobalSection(ProjectConfigurationPlatforms) = postSolution
		{BC00992B-C70A-4195-AA55-DF2FE6369A99}.Debug|Any CPU.ActiveCfg = Debug|Any CPU
		{BC00992B-C70A-4195-AA55-DF2FE6369A99}.Debug|Any CPU.Build.0 = Debug|Any CPU
		{BC00992B-C70A-4195-AA55-DF2FE6369A99}.Release|Any CPU.ActiveCfg = Release|Any CPU
		{BC00992B-C70A-4195-AA55-DF2FE6369A99}.Release|Any CPU.Build.0 = Release|Any CPU
		{E4DBDC7A-0E75-4DC1-AF27-67814F389165}.Debug|Any CPU.ActiveCfg = Debug|Any CPU
		{E4DBDC7A-0E75-4DC1-AF27-67814F389165}.Debug|Any CPU.Build.0 = Debug|Any CPU
		{E4DBDC7A-0E75-4DC1-AF27-67814F389165}.Release|Any CPU.ActiveCfg = Release|Any CPU
		{E4DBDC7A-0E75-4DC1-AF27-67814F389165}.Release|Any CPU.Build.0 = Release|Any CPU
		{E1429B0F-B6B0-4EA1-8FCF-346E5AC03386}.Debug|Any CPU.ActiveCfg = Debug|Any CPU
		{E1429B0F-B6B0-4EA1-8FCF-346E5AC03386}.Debug|Any CPU.Build.0 = Debug|Any CPU
		{E1429B0F-B6B0-4EA1-8FCF-346E5AC03386}.Release|Any CPU.ActiveCfg = Release|Any CPU
		{E1429B0F-B6B0-4EA1-8FCF-346E5AC03386}.Release|Any CPU.Build.0 = Release|Any CPU
		{83364F61-18DE-40CD-A1EC-3EA9AD9FEFF1}.Debug|Any CPU.ActiveCfg = Debug|Any CPU
		{83364F61-18DE-40CD-A1EC-3EA9AD9FEFF1}.Debug|Any CPU.Build.0 = Debug|Any CPU
		{83364F61-18DE-40CD-A1EC-3EA9AD9FEFF1}.Release|Any CPU.ActiveCfg = Release|Any CPU
		{83364F61-18DE-40CD-A1EC-3EA9AD9FEFF1}.Release|Any CPU.Build.0 = Release|Any CPU
		{E80314DB-F822-4BCA-8FCE-CB6DB54D4A38}.Debug|Any CPU.ActiveCfg = Debug|Any CPU
		{E80314DB-F822-4BCA-8FCE-CB6DB54D4A38}.Debug|Any CPU.Build.0 = Debug|Any CPU
		{E80314DB-F822-4BCA-8FCE-CB6DB54D4A38}.Release|Any CPU.ActiveCfg = Release|Any CPU
		{E80314DB-F822-4BCA-8FCE-CB6DB54D4A38}.Release|Any CPU.Build.0 = Release|Any CPU
		{823FE247-4711-4663-8FEA-20D5B727287E}.Debug|Any CPU.ActiveCfg = Debug|Any CPU
		{823FE247-4711-4663-8FEA-20D5B727287E}.Debug|Any CPU.Build.0 = Debug|Any CPU
		{823FE247-4711-4663-8FEA-20D5B727287E}.Release|Any CPU.ActiveCfg = Release|Any CPU
		{823FE247-4711-4663-8FEA-20D5B727287E}.Release|Any CPU.Build.0 = Release|Any CPU
		{E7FB14C7-00C6-4636-BAB7-A04A0CC2B888}.Debug|Any CPU.ActiveCfg = Debug|Any CPU
		{E7FB14C7-00C6-4636-BAB7-A04A0CC2B888}.Debug|Any CPU.Build.0 = Debug|Any CPU
		{E7FB14C7-00C6-4636-BAB7-A04A0CC2B888}.Release|Any CPU.ActiveCfg = Release|Any CPU
		{E7FB14C7-00C6-4636-BAB7-A04A0CC2B888}.Release|Any CPU.Build.0 = Release|Any CPU
		{7A458E81-13DC-43B5-B4AF-CA12FDDAA926}.Debug|Any CPU.ActiveCfg = Debug|Any CPU
		{7A458E81-13DC-43B5-B4AF-CA12FDDAA926}.Debug|Any CPU.Build.0 = Debug|Any CPU
		{7A458E81-13DC-43B5-B4AF-CA12FDDAA926}.Release|Any CPU.ActiveCfg = Release|Any CPU
		{7A458E81-13DC-43B5-B4AF-CA12FDDAA926}.Release|Any CPU.Build.0 = Release|Any CPU
	EndGlobalSection
	GlobalSection(SolutionProperties) = preSolution
		HideSolutionNode = FALSE
	EndGlobalSection
	GlobalSection(ExtensibilityGlobals) = postSolution
		SolutionGuid = {65078FB1-1CBB-49D0-B67A-6CB6B5B91BB8}
	EndGlobalSection
EndGlobal
